{
  "name": "nodulos_no_nodejs",
  "version": "1.0.0",
  "lockfileVersion": 3,
  "requires": true,
  "packages": {
    "": {
      "name": "nodulos_no_nodejs",
      "version": "1.0.0",
      "license": "ISC",
      "dependencies": {
        "nodulos_no_nodejs": "file:"
      }
    },
    "node_modules/nodulos_no_nodejs": {
      "resolved": "",
      "link": true
    }
  }
}
